// !$*UTF8*$!
{
	archiveVersion = 1;
	classes = {
	};
	objectVersion = 50;
	objects = {

/* Begin PBXBuildFile section */
		BD07C0DA22C3F04D00B751D0 /* AppDelegate.swift in Sources */ = {isa = PBXBuildFile; fileRef = BD07C0D922C3F04D00B751D0 /* AppDelegate.swift */; };
		BD07C0DF22C3F04D00B751D0 /* Main.storyboard in Resources */ = {isa = PBXBuildFile; fileRef = BD07C0DD22C3F04D00B751D0 /* Main.storyboard */; };
		BD07C0E222C3F04D00B751D0 /* PokemonGoClone.xcdatamodeld in Sources */ = {isa = PBXBuildFile; fileRef = BD07C0E022C3F04D00B751D0 /* PokemonGoClone.xcdatamodeld */; };
		BD07C0E422C3F04F00B751D0 /* Assets.xcassets in Resources */ = {isa = PBXBuildFile; fileRef = BD07C0E322C3F04F00B751D0 /* Assets.xcassets */; };
		BD07C0E722C3F04F00B751D0 /* LaunchScreen.storyboard in Resources */ = {isa = PBXBuildFile; fileRef = BD07C0E522C3F04F00B751D0 /* LaunchScreen.storyboard */; };
		BD07C0EF22C6558F00B751D0 /* MapViewController.swift in Sources */ = {isa = PBXBuildFile; fileRef = BD07C0EE22C6558F00B751D0 /* MapViewController.swift */; };
		BD07C0F122C655B100B751D0 /* PokedexViewController.swift in Sources */ = {isa = PBXBuildFile; fileRef = BD07C0F022C655B100B751D0 /* PokedexViewController.swift */; };
		BD07C0F322C662B600B751D0 /* CoreDataHelper.swift in Sources */ = {isa = PBXBuildFile; fileRef = BD07C0F222C662B600B751D0 /* CoreDataHelper.swift */; };
		BD07C0F522C6666700B751D0 /* Icons.xcassets in Resources */ = {isa = PBXBuildFile; fileRef = BD07C0F422C6666700B751D0 /* Icons.xcassets */; };
		BD07C0F722C67A9300B751D0 /* PokeAnnotation.swift in Sources */ = {isa = PBXBuildFile; fileRef = BD07C0F622C67A9300B751D0 /* PokeAnnotation.swift */; };
/* End PBXBuildFile section */

/* Begin PBXFileReference section */
		BD07C0D622C3F04D00B751D0 /* PokemonGoClone.app */ = {isa = PBXFileReference; explicitFileType = wrapper.application; includeInIndex = 0; path = PokemonGoClone.app; sourceTree = BUILT_PRODUCTS_DIR; };
		BD07C0D922C3F04D00B751D0 /* AppDelegate.swift */ = {isa = PBXFileReference; lastKnownFileType = sourcecode.swift; path = AppDelegate.swift; sourceTree = "<group>"; };
		BD07C0DE22C3F04D00B751D0 /* Base */ = {isa = PBXFileReference; lastKnownFileType = file.storyboard; name = Base; path = Base.lproj/Main.storyboard; sourceTree = "<group>"; };
		BD07C0E122C3F04D00B751D0 /* PokemonGoClone.xcdatamodel */ = {isa = PBXFileReference; lastKnownFileType = wrapper.xcdatamodel; path = PokemonGoClone.xcdatamodel; sourceTree = "<group>"; };
		BD07C0E322C3F04F00B751D0 /* Assets.xcassets */ = {isa = PBXFileReference; lastKnownFileType = folder.assetcatalog; path = Assets.xcassets; sourceTree = "<group>"; };
		BD07C0E622C3F04F00B751D0 /* Base */ = {isa = PBXFileReference; lastKnownFileType = file.storyboard; name = Base; path = Base.lproj/LaunchScreen.storyboard; sourceTree = "<group>"; };
		BD07C0E822C3F04F00B751D0 /* Info.plist */ = {isa = PBXFileReference; lastKnownFileType = text.plist.xml; path = Info.plist; sourceTree = "<group>"; };
		BD07C0EE22C6558F00B751D0 /* MapViewController.swift */ = {isa = PBXFileReference; lastKnownFileType = sourcecode.swift; path = MapViewController.swift; sourceTree = "<group>"; };
		BD07C0F022C655B100B751D0 /* PokedexViewController.swift */ = {isa = PBXFileReference; lastKnownFileType = sourcecode.swift; path = PokedexViewController.swift; sourceTree = "<group>"; };
		BD07C0F222C662B600B751D0 /* CoreDataHelper.swift */ = {isa = PBXFileReference; lastKnownFileType = sourcecode.swift; path = CoreDataHelper.swift; sourceTree = "<group>"; };
		BD07C0F422C6666700B751D0 /* Icons.xcassets */ = {isa = PBXFileReference; lastKnownFileType = folder.assetcatalog; path = Icons.xcassets; sourceTree = "<group>"; };
		BD07C0F622C67A9300B751D0 /* PokeAnnotation.swift */ = {isa = PBXFileReference; lastKnownFileType = sourcecode.swift; path = PokeAnnotation.swift; sourceTree = "<group>"; };
/* End PBXFileReference section */

/* Begin PBXFrameworksBuildPhase section */
		BD07C0D322C3F04D00B751D0 /* Frameworks */ = {
			isa = PBXFrameworksBuildPhase;
			buildActionMask = 2147483647;
			files = (
			);
			runOnlyForDeploymentPostprocessing = 0;
		};
/* End PBXFrameworksBuildPhase section */

/* Begin PBXGroup section */
		BD07C0CD22C3F04D00B751D0 = {
			isa = PBXGroup;
			children = (
				BD07C0D822C3F04D00B751D0 /* PokemonGoClone */,
				BD07C0D722C3F04D00B751D0 /* Products */,
			);
			sourceTree = "<group>";
		};
		BD07C0D722C3F04D00B751D0 /* Products */ = {
			isa = PBXGroup;
			children = (
				BD07C0D622C3F04D00B751D0 /* PokemonGoClone.app */,
			);
			name = Products;
			sourceTree = "<group>";
		};
		BD07C0D822C3F04D00B751D0 /* PokemonGoClone */ = {
			isa = PBXGroup;
			children = (
				BD07C0D922C3F04D00B751D0 /* AppDelegate.swift */,
				BD07C0EE22C6558F00B751D0 /* MapViewController.swift */,
				BD07C0F022C655B100B751D0 /* PokedexViewController.swift */,
				BD07C0F222C662B600B751D0 /* CoreDataHelper.swift */,
				BD07C0F622C67A9300B751D0 /* PokeAnnotation.swift */,
				BD07C0DD22C3F04D00B751D0 /* Main.storyboard */,
				BD07C0E322C3F04F00B751D0 /* Assets.xcassets */,
				BD07C0F422C6666700B751D0 /* Icons.xcassets */,
				BD07C0E522C3F04F00B751D0 /* LaunchScreen.storyboard */,
				BD07C0E822C3F04F00B751D0 /* Info.plist */,
				BD07C0E022C3F04D00B751D0 /* PokemonGoClone.xcdatamodeld */,
			);
			path = PokemonGoClone;
			sourceTree = "<group>";
		};
/* End PBXGroup section */

/* Begin PBXNativeTarget section */
		BD07C0D522C3F04D00B751D0 /* PokemonGoClone */ = {
			isa = PBXNativeTarget;
			buildConfigurationList = BD07C0EB22C3F04F00B751D0 /* Build configuration list for PBXNativeTarget "PokemonGoClone" */;
			buildPhases = (
				BD07C0D222C3F04D00B751D0 /* Sources */,
				BD07C0D322C3F04D00B751D0 /* Frameworks */,
				BD07C0D422C3F04D00B751D0 /* Resources */,
			);
			buildRules = (
			);
			dependencies = (
			);
			name = PokemonGoClone;
			productName = PokemonGoClone;
			productReference = BD07C0D622C3F04D00B751D0 /* PokemonGoClone.app */;
			productType = "com.apple.product-type.application";
		};
/* End PBXNativeTarget section */

/* Begin PBXProject section */
		BD07C0CE22C3F04D00B751D0 /* Project object */ = {
			isa = PBXProject;
			attributes = {
				LastSwiftUpdateCheck = 1020;
				LastUpgradeCheck = 1020;
				ORGANIZATIONNAME = Nahid;
				TargetAttributes = {
					BD07C0D522C3F04D00B751D0 = {
						CreatedOnToolsVersion = 10.2.1;
					};
				};
			};
			buildConfigurationList = BD07C0D122C3F04D00B751D0 /* Build configuration list for PBXProject "PokemonGoClone" */;
			compatibilityVersion = "Xcode 9.3";
			developmentRegion = en;
			hasScannedForEncodings = 0;
			knownRegions = (
				en,
				Base,
			);
			mainGroup = BD07C0CD22C3F04D00B751D0;
			productRefGroup = BD07C0D722C3F04D00B751D0 /* Products */;
			projectDirPath = "";
			projectRoot = "";
			targets = (
				BD07C0D522C3F04D00B751D0 /* PokemonGoClone */,
			);
		};
/* End PBXProject section */

/* Begin PBXResourcesBuildPhase section */
		BD07C0D422C3F04D00B751D0 /* Resources */ = {
			isa = PBXResourcesBuildPhase;
			buildActionMask = 2147483647;
			files = (
				BD07C0E722C3F04F00B751D0 /* LaunchScreen.storyboard in Resources */,
				BD07C0E422C3F04F00B751D0 /* Assets.xcassets in Resources */,
				BD07C0F522C6666700B751D0 /* Icons.xcassets in Resources */,
				BD07C0DF22C3F04D00B751D0 /* Main.storyboard in Resources */,
			);
			runOnlyForDeploymentPostprocessing = 0;
		};
/* End PBXResourcesBuildPhase section */

/* Begin PBXSourcesBuildPhase section */
		BD07C0D222C3F04D00B751D0 /* Sources */ = {
			isa = PBXSourcesBuildPhase;
			buildActionMask = 2147483647;
			files = (
				BD07C0F322C662B600B751D0 /* CoreDataHelper.swift in Sources */,
				BD07C0F722C67A9300B751D0 /* PokeAnnotation.swift in Sources */,
				BD07C0E222C3F04D00B751D0 /* PokemonGoClone.xcdatamodeld in Sources */,
				BD07C0F122C655B100B751D0 /* PokedexViewController.swift in Sources */,
				BD07C0EF22C6558F00B751D0 /* MapViewController.swift in Sources */,
				BD07C0DA22C3F04D00B751D0 /* AppDelegate.swift in Sources */,
			);
			runOnlyForDeploymentPostprocessing = 0;
		};
/* End PBXSourcesBuildPhase section */

/* Begin PBXVariantGroup section */
		BD07C0DD22C3F04D00B751D0 /* Main.storyboard */ = {
			isa = PBXVariantGroup;
			children = (
				BD07C0DE22C3F04D00B751D0 /* Base */,
			);
			name = Main.storyboard;
			sourceTree = "<group>";
		};
		BD07C0E522C3F04F00B751D0 /* LaunchScreen.storyboard */ = {
			isa = PBXVariantGroup;
			children = (
				BD07C0E622C3F04F00B751D0 /* Base */,
			);
			name = LaunchScreen.storyboard;
			sourceTree = "<group>";
		};
/* End PBXVariantGroup section */

/* Begin XCBuildConfiguration section */
		BD07C0E922C3F04F00B751D0 /* Debug */ = {
			isa = XCBuildConfiguration;
			buildSettings = {
				ALWAYS_SEARCH_USER_PATHS = NO;
				CLANG_ANALYZER_NONNULL = YES;
				CLANG_ANALYZER_NUMBER_OBJECT_CONVERSION = YES_AGGRESSIVE;
				CLANG_CXX_LANGUAGE_STANDARD = "gnu++14";
				CLANG_CXX_LIBRARY = "libc++";
				CLANG_ENABLE_MODULES = YES;
				CLANG_ENABLE_OBJC_ARC = YES;
				CLANG_ENABLE_OBJC_WEAK = YES;
				CLANG_WARN_BLOCK_CAPTURE_AUTORELEASING = YES;
				CLANG_WARN_BOOL_CONVERSION = YES;
				CLANG_WARN_COMMA = YES;
				CLANG_WARN_CONSTANT_CONVERSION = YES;
				CLANG_WARN_DEPRECATED_OBJC_IMPLEMENTATIONS = YES;
				CLANG_WARN_DIRECT_OBJC_ISA_USAGE = YES_ERROR;
				CLANG_WARN_DOCUMENTATION_COMMENTS = YES;
				CLANG_WARN_EMPTY_BODY = YES;
				CLANG_WARN_ENUM_CONVERSION = YES;
				CLANG_WARN_INFINITE_RECURSION = YES;
				CLANG_WARN_INT_CONVERSION = YES;
				CLANG_WARN_NON_LITERAL_NULL_CONVERSION = YES;
				CLANG_WARN_OBJC_IMPLICIT_RETAIN_SELF = YES;
				CLANG_WARN_OBJC_LITERAL_CONVERSION = YES;
				CLANG_WARN_OBJC_ROOT_CLASS = YES_ERROR;
				CLANG_WARN_RANGE_LOOP_ANALYSIS = YES;
				CLANG_WARN_STRICT_PROTOTYPES = YES;
				CLANG_WARN_SUSPICIOUS_MOVE = YES;
				CLANG_WARN_UNGUARDED_AVAILABILITY = YES_AGGRESSIVE;
				CLANG_WARN_UNREACHABLE_CODE = YES;
				CLANG_WARN__DUPLICATE_METHOD_MATCH = YES;
				CODE_SIGN_IDENTITY = "iPhone Developer";
				COPY_PHASE_STRIP = NO;
				DEBUG_INFORMATION_FORMAT = dwarf;
				ENABLE_STRICT_OBJC_MSGSEND = YES;
				ENABLE_TESTABILITY = YES;
				GCC_C_LANGUAGE_STANDARD = gnu11;
				GCC_DYNAMIC_NO_PIC = NO;
				GCC_NO_COMMON_BLOCKS = YES;
				GCC_OPTIMIZATION_LEVEL = 0;
				GCC_PREPROCESSOR_DEFINITIONS = (
					"DEBUG=1",
					"$(inherited)",
				);
				GCC_WARN_64_TO_32_BIT_CONVERSION = YES;
				GCC_WARN_ABOUT_RETURN_TYPE = YES_ERROR;
				GCC_WARN_UNDECLARED_SELECTOR = YES;
				GCC_WARN_UNINITIALIZED_AUTOS = YES_AGGRESSIVE;
				GCC_WARN_UNUSED_FUNCTION = YES;
				GCC_WARN_UNUSED_VARIABLE = YES;
				IPHONEOS_DEPLOYMENT_TARGET = 12.2;
				MTL_ENABLE_DEBUG_INFO = INCLUDE_SOURCE;
				MTL_FAST_MATH = YES;
				ONLY_ACTIVE_ARCH = YES;
				SDKROOT = iphoneos;
				SWIFT_ACTIVE_COMPILATION_CONDITIONS = DEBUG;
				SWIFT_OPTIMIZATION_LEVEL = "-Onone";
			};
			name = Debug;
		};
		BD07C0EA22C3F04F00B751D0 /* Release */ = {
			isa = XCBuildConfiguration;
			buildSettings = {
				ALWAYS_SEARCH_USER_PATHS = NO;
				CLANG_ANALYZER_NONNULL = YES;
				CLANG_ANALYZER_NUMBER_OBJECT_CONVERSION = YES_AGGRESSIVE;
				CLANG_CXX_LANGUAGE_STANDARD = "gnu++14";
				CLANG_CXX_LIBRARY = "libc++";
				CLANG_ENABLE_MODULES = YES;
				CLANG_ENABLE_OBJC_ARC = YES;
				CLANG_ENABLE_OBJC_WEAK = YES;
				CLANG_WARN_BLOCK_CAPTURE_AUTORELEASING = YES;
				CLANG_WARN_BOOL_CONVERSION = YES;
				CLANG_WARN_COMMA = YES;
				CLANG_WARN_CONSTANT_CONVERSION = YES;
				CLANG_WARN_DEPRECATED_OBJC_IMPLEMENTATIONS = YES;
				CLANG_WARN_DIRECT_OBJC_ISA_USAGE = YES_ERROR;
				CLANG_WARN_DOCUMENTATION_COMMENTS = YES;
				CLANG_WARN_EMPTY_BODY = YES;
				CLANG_WARN_ENUM_CONVERSION = YES;
				CLANG_WARN_INFINITE_RECURSION = YES;
				CLANG_WARN_INT_CONVERSION = YES;
				CLANG_WARN_NON_LITERAL_NULL_CONVERSION = YES;
				CLANG_WARN_OBJC_IMPLICIT_RETAIN_SELF = YES;
				CLANG_WARN_OBJC_LITERAL_CONVERSION = YES;
				CLANG_WARN_OBJC_ROOT_CLASS = YES_ERROR;
				CLANG_WARN_RANGE_LOOP_ANALYSIS = YES;
				CLANG_WARN_STRICT_PROTOTYPES = YES;
				CLANG_WARN_SUSPICIOUS_MOVE = YES;
				CLANG_WARN_UNGUARDED_AVAILABILITY = YES_AGGRESSIVE;
				CLANG_WARN_UNREACHABLE_CODE = YES;
				CLANG_WARN__DUPLICATE_METHOD_MATCH = YES;
				CODE_SIGN_IDENTITY = "iPhone Developer";
				COPY_PHASE_STRIP = NO;
				DEBUG_INFORMATION_FORMAT = "dwarf-with-dsym";
				ENABLE_NS_ASSERTIONS = NO;
				ENABLE_STRICT_OBJC_MSGSEND = YES;
				GCC_C_LANGUAGE_STANDARD = gnu11;
				GCC_NO_COMMON_BLOCKS = YES;
				GCC_WARN_64_TO_32_BIT_CONVERSION = YES;
				GCC_WARN_ABOUT_RETURN_TYPE = YES_ERROR;
				GCC_WARN_UNDECLARED_SELECTOR = YES;
				GCC_WARN_UNINITIALIZED_AUTOS = YES_AGGRESSIVE;
				GCC_WARN_UNUSED_FUNCTION = YES;
				GCC_WARN_UNUSED_VARIABLE = YES;
				IPHONEOS_DEPLOYMENT_TARGET = 12.2;
				MTL_ENABLE_DEBUG_INFO = NO;
				MTL_FAST_MATH = YES;
				SDKROOT = iphoneos;
				SWIFT_COMPILATION_MODE = wholemodule;
				SWIFT_OPTIMIZATION_LEVEL = "-O";
				VALIDATE_PRODUCT = YES;
			};
			name = Release;
		};
		BD07C0EC22C3F04F00B751D0 /* Debug */ = {
			isa = XCBuildConfiguration;
			buildSettings = {
				ASSETCATALOG_COMPILER_APPICON_NAME = AppIcon;
				CODE_SIGN_STYLE = Automatic;
				DEVELOPMENT_TEAM = CPW849W344;
				INFOPLIST_FILE = PokemonGoClone/Info.plist;
				LD_RUNPATH_SEARCH_PATHS = (
					"$(inherited)",
					"@executable_path/Frameworks",
				);
				PRODUCT_BUNDLE_IDENTIFIER = app.nahid.PokemonGoClone;
				PRODUCT_NAME = "$(TARGET_NAME)";
				SWIFT_VERSION = 5.0;
				TARGETED_DEVICE_FAMILY = "1,2";
			};
			name = Debug;
		};
		BD07C0ED22C3F04F00B751D0 /* Release */ = {
			isa = XCBuildConfiguration;
			buildSettings = {
				ASSETCATALOG_COMPILER_APPICON_NAME = AppIcon;
				CODE_SIGN_STYLE = Automatic;
				DEVELOPMENT_TEAM = CPW849W344;
				INFOPLIST_FILE = PokemonGoClone/Info.plist;
				LD_RUNPATH_SEARCH_PATHS = (
					"$(inherited)",
					"@executable_path/Frameworks",
				);
				PRODUCT_BUNDLE_IDENTIFIER = app.nahid.PokemonGoClone;
				PRODUCT_NAME = "$(TARGET_NAME)";
				SWIFT_VERSION = 5.0;
				TARGETED_DEVICE_FAMILY = "1,2";
			};
			name = Release;
		};
/* End XCBuildConfiguration section */

/* Begin XCConfigurationList section */
		BD07C0D122C3F04D00B751D0 /* Build configuration list for PBXProject "PokemonGoClone" */ = {
			isa = XCConfigurationList;
			buildConfigurations = (
				BD07C0E922C3F04F00B751D0 /* Debug */,
				BD07C0EA22C3F04F00B751D0 /* Release */,
			);
			defaultConfigurationIsVisible = 0;
			defaultConfigurationName = Release;
		};
		BD07C0EB22C3F04F00B751D0 /* Build configuration list for PBXNativeTarget "PokemonGoClone" */ = {
			isa = XCConfigurationList;
			buildConfigurations = (
				BD07C0EC22C3F04F00B751D0 /* Debug */,
				BD07C0ED22C3F04F00B751D0 /* Release */,
			);
			defaultConfigurationIsVisible = 0;
			defaultConfigurationName = Release;
		};
/* End XCConfigurationList section */

/* Begin XCVersionGroup section */
		BD07C0E022C3F04D00B751D0 /* PokemonGoClone.xcdatamodeld */ = {
			isa = XCVersionGroup;
			children = (
				BD07C0E122C3F04D00B751D0 /* PokemonGoClone.xcdatamodel */,
			);
			currentVersion = BD07C0E122C3F04D00B751D0 /* PokemonGoClone.xcdatamodel */;
			path = PokemonGoClone.xcdatamodeld;
			sourceTree = "<group>";
			versionGroupType = wrapper.xcdatamodel;
		};
/* End XCVersionGroup section */
	};
	rootObject = BD07C0CE22C3F04D00B751D0 /* Project object */;
}
